Microsoft Visual Studio Solution File, Format Version 12.00
# Visual Studio 2012
Project("{FAE04EC0-301F-11D3-BF4B-00C04F79EFBC}") = "Space Game", "Space Game.csproj", "{B2742D16-42B3-4E3C-8BC6-58EEEC8C73B9}"
EndProject
Global
	GlobalSection(SolutionConfigurationPlatforms) = preSolution
	Debug|Any CPU = Debug|Any CPU
	ExportDebug|Any CPU = ExportDebug|Any CPU
	ExportRelease|Any CPU = ExportRelease|Any CPU
	EndGlobalSection
	GlobalSection(ProjectConfigurationPlatforms) = postSolution
		{B2742D16-42B3-4E3C-8BC6-58EEEC8C73B9}.Debug|Any CPU.ActiveCfg = Debug|Any CPU
		{B2742D16-42B3-4E3C-8BC6-58EEEC8C73B9}.Debug|Any CPU.Build.0 = Debug|Any CPU
		{B2742D16-42B3-4E3C-8BC6-58EEEC8C73B9}.ExportDebug|Any CPU.ActiveCfg = ExportDebug|Any CPU
		{B2742D16-42B3-4E3C-8BC6-58EEEC8C73B9}.ExportDebug|Any CPU.Build.0 = ExportDebug|Any CPU
		{B2742D16-42B3-4E3C-8BC6-58EEEC8C73B9}.ExportRelease|Any CPU.ActiveCfg = ExportRelease|Any CPU
		{B2742D16-42B3-4E3C-8BC6-58EEEC8C73B9}.ExportRelease|Any CPU.Build.0 = ExportRelease|Any CPU
	EndGlobalSection
EndGlobal
